<?xml version="1.0" encoding="UTF-8"?>
<!DOCTYPE plist PUBLIC "-//Apple//DTD PLIST 1.0//EN" "http://www.apple.com/DTDs/PropertyList-1.0.dtd">
<plist version="1.0">
<dict>
	<key>archiveVersion</key>
	<string>1</string>
	<key>classes</key>
	<dict/>
	<key>objectVersion</key>
	<string>46</string>
	<key>objects</key>
	<dict>
		<key>57733B9E1AE7AE2000FD71E3</key>
		<dict>
			<key>fileEncoding</key>
			<string>4</string>
			<key>isa</key>
			<string>PBXFileReference</string>
			<key>lastKnownFileType</key>
			<string>sourcecode.c.h</string>
			<key>path</key>
			<string>THContactBubble.h</string>
			<key>sourceTree</key>
			<string>&lt;group&gt;</string>
		</dict>
		<key>57733B9F1AE7AE2000FD71E3</key>
		<dict>
			<key>fileEncoding</key>
			<string>4</string>
			<key>isa</key>
			<string>PBXFileReference</string>
			<key>lastKnownFileType</key>
			<string>sourcecode.c.objc</string>
			<key>path</key>
			<string>THContactBubble.m</string>
			<key>sourceTree</key>
			<string>&lt;group&gt;</string>
		</dict>
		<key>57733BA01AE7AE2000FD71E3</key>
		<dict>
			<key>fileEncoding</key>
			<string>4</string>
			<key>isa</key>
			<string>PBXFileReference</string>
			<key>lastKnownFileType</key>
			<string>sourcecode.c.h</string>
			<key>path</key>
			<string>THContactPickerView.h</string>
			<key>sourceTree</key>
			<string>&lt;group&gt;</string>
		</dict>
		<key>57733BA11AE7AE2000FD71E3</key>
		<dict>
			<key>fileEncoding</key>
			<string>4</string>
			<key>isa</key>
			<string>PBXFileReference</string>
			<key>lastKnownFileType</key>
			<string>sourcecode.c.objc</string>
			<key>path</key>
			<string>THContactPickerView.m</string>
			<key>sourceTree</key>
			<string>&lt;group&gt;</string>
		</dict>
		<key>57733BA21AE7AE2000FD71E3</key>
		<dict>
			<key>fileEncoding</key>
			<string>4</string>
			<key>isa</key>
			<string>PBXFileReference</string>
			<key>lastKnownFileType</key>
			<string>sourcecode.c.h</string>
			<key>path</key>
			<string>THBubbleColor.h</string>
			<key>sourceTree</key>
			<string>&lt;group&gt;</string>
		</dict>
		<key>57733BA31AE7AE2000FD71E3</key>
		<dict>
			<key>fileEncoding</key>
			<string>4</string>
			<key>isa</key>
			<string>PBXFileReference</string>
			<key>lastKnownFileType</key>
			<string>sourcecode.c.objc</string>
			<key>path</key>
			<string>THBubbleColor.m</string>
			<key>sourceTree</key>
			<string>&lt;group&gt;</string>
		</dict>
		<key>57733BA41AE7AE2000FD71E3</key>
		<dict>
			<key>fileRef</key>
			<string>57733B9F1AE7AE2000FD71E3</string>
			<key>isa</key>
			<string>PBXBuildFile</string>
		</dict>
		<key>57733BA51AE7AE2000FD71E3</key>
		<dict>
			<key>fileRef</key>
			<string>57733BA11AE7AE2000FD71E3</string>
			<key>isa</key>
			<string>PBXBuildFile</string>
		</dict>
		<key>57733BA61AE7AE2000FD71E3</key>
		<dict>
			<key>fileRef</key>
			<string>57733BA31AE7AE2000FD71E3</string>
			<key>isa</key>
			<string>PBXBuildFile</string>
		</dict>
		<key>57ABC5AC1AE630FE0025C180</key>
		<dict>
			<key>children</key>
			<array>
				<string>57ABC5B71AE630FE0025C180</string>
				<string>57ABC5D11AE630FE0025C180</string>
				<string>57ABC5B61AE630FE0025C180</string>
			</array>
			<key>isa</key>
			<string>PBXGroup</string>
			<key>sourceTree</key>
			<string>&lt;group&gt;</string>
		</dict>
		<key>57ABC5AD1AE630FE0025C180</key>
		<dict>
			<key>attributes</key>
			<dict>
				<key>LastUpgradeCheck</key>
				<string>0630</string>
				<key>ORGANIZATIONNAME</key>
				<string>NationSky</string>
				<key>TargetAttributes</key>
				<dict>
					<key>57ABC5B41AE630FE0025C180</key>
					<dict>
						<key>CreatedOnToolsVersion</key>
						<string>6.3</string>
					</dict>
					<key>57ABC5CD1AE630FE0025C180</key>
					<dict>
						<key>CreatedOnToolsVersion</key>
						<string>6.3</string>
						<key>TestTargetID</key>
						<string>57ABC5B41AE630FE0025C180</string>
					</dict>
				</dict>
			</dict>
			<key>buildConfigurationList</key>
			<string>57ABC5B01AE630FE0025C180</string>
			<key>compatibilityVersion</key>
			<string>Xcode 3.2</string>
			<key>developmentRegion</key>
			<string>English</string>
			<key>hasScannedForEncodings</key>
			<string>0</string>
			<key>isa</key>
			<string>PBXProject</string>
			<key>knownRegions</key>
			<array>
				<string>en</string>
				<string>Base</string>
			</array>
			<key>mainGroup</key>
			<string>57ABC5AC1AE630FE0025C180</string>
			<key>productRefGroup</key>
			<string>57ABC5B61AE630FE0025C180</string>
			<key>projectDirPath</key>
			<string></string>
			<key>projectReferences</key>
			<array/>
			<key>projectRoot</key>
			<string></string>
			<key>targets</key>
			<array>
				<string>57ABC5B41AE630FE0025C180</string>
				<string>57ABC5CD1AE630FE0025C180</string>
			</array>
		</dict>
		<key>57ABC5B01AE630FE0025C180</key>
		<dict>
			<key>buildConfigurations</key>
			<array>
				<string>57ABC5D61AE630FE0025C180</string>
				<string>57ABC5D71AE630FE0025C180</string>
			</array>
			<key>defaultConfigurationIsVisible</key>
			<string>0</string>
			<key>defaultConfigurationName</key>
			<string>Release</string>
			<key>isa</key>
			<string>XCConfigurationList</string>
		</dict>
		<key>57ABC5B11AE630FE0025C180</key>
		<dict>
			<key>buildActionMask</key>
			<string>2147483647</string>
			<key>files</key>
			<array>
				<string>57ABC6081AE641E70025C180</string>
				<string>57ABC5C11AE630FE0025C180</string>
				<string>57ABC6061AE641E70025C180</string>
				<string>57ABC5BE1AE630FE0025C180</string>
				<string>57ABC5BB1AE630FE0025C180</string>
				<string>57ABC5E31AE6364E0025C180</string>
				<string>57ABC6091AE641E70025C180</string>
				<string>57ABC6011AE641E70025C180</string>
				<string>57733BA61AE7AE2000FD71E3</string>
				<string>57ABC6051AE641E70025C180</string>
				<string>57ABC6031AE641E70025C180</string>
				<string>57ABC6211AE6484F0025C180</string>
				<string>57ABC6071AE641E70025C180</string>
				<string>57ABC6021AE641E70025C180</string>
				<string>57733BA51AE7AE2000FD71E3</string>
				<string>57733BA41AE7AE2000FD71E3</string>
				<string>57ABC6041AE641E70025C180</string>
				<string>57ABC5E61AE63CBA0025C180</string>
				<string>57ABC6241AE64E0F0025C180</string>
			</array>
			<key>isa</key>
			<string>PBXSourcesBuildPhase</string>
			<key>runOnlyForDeploymentPostprocessing</key>
			<string>0</string>
		</dict>
		<key>57ABC5B21AE630FE0025C180</key>
		<dict>
			<key>buildActionMask</key>
			<string>2147483647</string>
			<key>files</key>
			<array/>
			<key>isa</key>
			<string>PBXFrameworksBuildPhase</string>
			<key>runOnlyForDeploymentPostprocessing</key>
			<string>0</string>
		</dict>
		<key>57ABC5B31AE630FE0025C180</key>
		<dict>
			<key>buildActionMask</key>
			<string>2147483647</string>
			<key>files</key>
			<array>
				<string>57ABC6001AE641E70025C180</string>
				<string>57ABC5C61AE630FE0025C180</string>
			</array>
			<key>isa</key>
			<string>PBXResourcesBuildPhase</string>
			<key>runOnlyForDeploymentPostprocessing</key>
			<string>0</string>
		</dict>
		<key>57ABC5B41AE630FE0025C180</key>
		<dict>
			<key>buildConfigurationList</key>
			<string>57ABC5D81AE630FE0025C180</string>
			<key>buildPhases</key>
			<array>
				<string>57ABC5B11AE630FE0025C180</string>
				<string>57ABC5B21AE630FE0025C180</string>
				<string>57ABC5B31AE630FE0025C180</string>
			</array>
			<key>buildRules</key>
			<array/>
			<key>dependencies</key>
			<array/>
			<key>isa</key>
			<string>PBXNativeTarget</string>
			<key>name</key>
			<string>RYAddressBook</string>
			<key>productName</key>
			<string>RYAddressBook</string>
			<key>productReference</key>
			<string>57ABC5B51AE630FE0025C180</string>
			<key>productType</key>
			<string>com.apple.product-type.application</string>
		</dict>
		<key>57ABC5B51AE630FE0025C180</key>
		<dict>
			<key>explicitFileType</key>
			<string>wrapper.application</string>
			<key>includeInIndex</key>
			<string>0</string>
			<key>isa</key>
			<string>PBXFileReference</string>
			<key>path</key>
			<string>RYAddressBook.app</string>
			<key>sourceTree</key>
			<string>BUILT_PRODUCTS_DIR</string>
		</dict>
		<key>57ABC5B61AE630FE0025C180</key>
		<dict>
			<key>children</key>
			<array>
				<string>57ABC5B51AE630FE0025C180</string>
				<string>57ABC5CE1AE630FE0025C180</string>
			</array>
			<key>isa</key>
			<string>PBXGroup</string>
			<key>name</key>
			<string>Products</string>
			<key>sourceTree</key>
			<string>&lt;group&gt;</string>
		</dict>
		<key>57ABC5B71AE630FE0025C180</key>
		<dict>
			<key>children</key>
			<array>
				<string>57ABC61B1AE645B20025C180</string>
				<string>57ABC61A1AE645410025C180</string>
				<string>57ABC6191AE645340025C180</string>
				<string>57ABC5E01AE636230025C180</string>
				<string>57ABC5B81AE630FE0025C180</string>
			</array>
			<key>isa</key>
			<string>PBXGroup</string>
			<key>path</key>
			<string>RYAddressBook</string>
			<key>sourceTree</key>
			<string>&lt;group&gt;</string>
		</dict>
		<key>57ABC5B81AE630FE0025C180</key>
		<dict>
			<key>children</key>
			<array>
				<string>57ABC5C51AE630FE0025C180</string>
				<string>57ABC5BC1AE630FE0025C180</string>
				<string>57ABC5BD1AE630FE0025C180</string>
				<string>57ABC5B91AE630FE0025C180</string>
				<string>57ABC5BA1AE630FE0025C180</string>
				<string>57ABC5DE1AE633EE0025C180</string>
			</array>
			<key>isa</key>
			<string>PBXGroup</string>
			<key>name</key>
			<string>Supporting Files</string>
			<key>path</key>
			<string>Supporting Files</string>
			<key>sourceTree</key>
			<string>&lt;group&gt;</string>
		</dict>
		<key>57ABC5B91AE630FE0025C180</key>
		<dict>
			<key>isa</key>
			<string>PBXFileReference</string>
			<key>lastKnownFileType</key>
			<string>text.plist.xml</string>
			<key>path</key>
			<string>Info.plist</string>
			<key>sourceTree</key>
			<string>&lt;group&gt;</string>
		</dict>
		<key>57ABC5BA1AE630FE0025C180</key>
		<dict>
			<key>isa</key>
			<string>PBXFileReference</string>
			<key>lastKnownFileType</key>
			<string>sourcecode.c.objc</string>
			<key>path</key>
			<string>main.m</string>
			<key>sourceTree</key>
			<string>&lt;group&gt;</string>
		</dict>
		<key>57ABC5BB1AE630FE0025C180</key>
		<dict>
			<key>fileRef</key>
			<string>57ABC5BA1AE630FE0025C180</string>
			<key>isa</key>
			<string>PBXBuildFile</string>
		</dict>
		<key>57ABC5BC1AE630FE0025C180</key>
		<dict>
			<key>isa</key>
			<string>PBXFileReference</string>
			<key>lastKnownFileType</key>
			<string>sourcecode.c.h</string>
			<key>path</key>
			<string>AppDelegate.h</string>
			<key>sourceTree</key>
			<string>&lt;group&gt;</string>
		</dict>
		<key>57ABC5BD1AE630FE0025C180</key>
		<dict>
			<key>isa</key>
			<string>PBXFileReference</string>
			<key>lastKnownFileType</key>
			<string>sourcecode.c.objc</string>
			<key>path</key>
			<string>AppDelegate.m</string>
			<key>sourceTree</key>
			<string>&lt;group&gt;</string>
		</dict>
		<key>57ABC5BE1AE630FE0025C180</key>
		<dict>
			<key>fileRef</key>
			<string>57ABC5BD1AE630FE0025C180</string>
			<key>isa</key>
			<string>PBXBuildFile</string>
		</dict>
		<key>57ABC5BF1AE630FE0025C180</key>
		<dict>
			<key>isa</key>
			<string>PBXFileReference</string>
			<key>lastKnownFileType</key>
			<string>sourcecode.c.h</string>
			<key>path</key>
			<string>ViewController.h</string>
			<key>sourceTree</key>
			<string>&lt;group&gt;</string>
		</dict>
		<key>57ABC5C01AE630FE0025C180</key>
		<dict>
			<key>isa</key>
			<string>PBXFileReference</string>
			<key>lastKnownFileType</key>
			<string>sourcecode.c.objc</string>
			<key>path</key>
			<string>ViewController.m</string>
			<key>sourceTree</key>
			<string>&lt;group&gt;</string>
		</dict>
		<key>57ABC5C11AE630FE0025C180</key>
		<dict>
			<key>fileRef</key>
			<string>57ABC5C01AE630FE0025C180</string>
			<key>isa</key>
			<string>PBXBuildFile</string>
		</dict>
		<key>57ABC5C51AE630FE0025C180</key>
		<dict>
			<key>isa</key>
			<string>PBXFileReference</string>
			<key>lastKnownFileType</key>
			<string>folder.assetcatalog</string>
			<key>path</key>
			<string>Images.xcassets</string>
			<key>sourceTree</key>
			<string>&lt;group&gt;</string>
		</dict>
		<key>57ABC5C61AE630FE0025C180</key>
		<dict>
			<key>fileRef</key>
			<string>57ABC5C51AE630FE0025C180</string>
			<key>isa</key>
			<string>PBXBuildFile</string>
		</dict>
		<key>57ABC5CA1AE630FE0025C180</key>
		<dict>
			<key>buildActionMask</key>
			<string>2147483647</string>
			<key>files</key>
			<array>
				<string>57ABC5D51AE630FE0025C180</string>
			</array>
			<key>isa</key>
			<string>PBXSourcesBuildPhase</string>
			<key>runOnlyForDeploymentPostprocessing</key>
			<string>0</string>
		</dict>
		<key>57ABC5CB1AE630FE0025C180</key>
		<dict>
			<key>buildActionMask</key>
			<string>2147483647</string>
			<key>files</key>
			<array/>
			<key>isa</key>
			<string>PBXFrameworksBuildPhase</string>
			<key>runOnlyForDeploymentPostprocessing</key>
			<string>0</string>
		</dict>
		<key>57ABC5CC1AE630FE0025C180</key>
		<dict>
			<key>buildActionMask</key>
			<string>2147483647</string>
			<key>files</key>
			<array/>
			<key>isa</key>
			<string>PBXResourcesBuildPhase</string>
			<key>runOnlyForDeploymentPostprocessing</key>
			<string>0</string>
		</dict>
		<key>57ABC5CD1AE630FE0025C180</key>
		<dict>
			<key>buildConfigurationList</key>
			<string>57ABC5DB1AE630FE0025C180</string>
			<key>buildPhases</key>
			<array>
				<string>57ABC5CA1AE630FE0025C180</string>
				<string>57ABC5CB1AE630FE0025C180</string>
				<string>57ABC5CC1AE630FE0025C180</string>
			</array>
			<key>buildRules</key>
			<array/>
			<key>dependencies</key>
			<array>
				<string>57ABC5D01AE630FE0025C180</string>
			</array>
			<key>isa</key>
			<string>PBXNativeTarget</string>
			<key>name</key>
			<string>RYAddressBookTests</string>
			<key>productName</key>
			<string>RYAddressBookTests</string>
			<key>productReference</key>
			<string>57ABC5CE1AE630FE0025C180</string>
			<key>productType</key>
			<string>com.apple.product-type.bundle.unit-test</string>
		</dict>
		<key>57ABC5CE1AE630FE0025C180</key>
		<dict>
			<key>explicitFileType</key>
			<string>wrapper.cfbundle</string>
			<key>includeInIndex</key>
			<string>0</string>
			<key>isa</key>
			<string>PBXFileReference</string>
			<key>path</key>
			<string>RYAddressBookTests.xctest</string>
			<key>sourceTree</key>
			<string>BUILT_PRODUCTS_DIR</string>
		</dict>
		<key>57ABC5CF1AE630FE0025C180</key>
		<dict>
			<key>containerPortal</key>
			<string>57ABC5AD1AE630FE0025C180</string>
			<key>isa</key>
			<string>PBXContainerItemProxy</string>
			<key>proxyType</key>
			<string>1</string>
			<key>remoteGlobalIDString</key>
			<string>57ABC5B41AE630FE0025C180</string>
			<key>remoteInfo</key>
			<string>RYAddressBook</string>
		</dict>
		<key>57ABC5D01AE630FE0025C180</key>
		<dict>
			<key>isa</key>
			<string>PBXTargetDependency</string>
			<key>target</key>
			<string>57ABC5B41AE630FE0025C180</string>
			<key>targetProxy</key>
			<string>57ABC5CF1AE630FE0025C180</string>
		</dict>
		<key>57ABC5D11AE630FE0025C180</key>
		<dict>
			<key>children</key>
			<array>
				<string>57ABC5D41AE630FE0025C180</string>
				<string>57ABC5D21AE630FE0025C180</string>
			</array>
			<key>isa</key>
			<string>PBXGroup</string>
			<key>path</key>
			<string>RYAddressBookTests</string>
			<key>sourceTree</key>
			<string>&lt;group&gt;</string>
		</dict>
		<key>57ABC5D21AE630FE0025C180</key>
		<dict>
			<key>children</key>
			<array>
				<string>57ABC5D31AE630FE0025C180</string>
			</array>
			<key>isa</key>
			<string>PBXGroup</string>
			<key>name</key>
			<string>Supporting Files</string>
			<key>path</key>
			<string>Supporting Files</string>
			<key>sourceTree</key>
			<string>&lt;group&gt;</string>
		</dict>
		<key>57ABC5D31AE630FE0025C180</key>
		<dict>
			<key>isa</key>
			<string>PBXFileReference</string>
			<key>lastKnownFileType</key>
			<string>text.plist.xml</string>
			<key>path</key>
			<string>Info.plist</string>
			<key>sourceTree</key>
			<string>&lt;group&gt;</string>
		</dict>
		<key>57ABC5D41AE630FE0025C180</key>
		<dict>
			<key>isa</key>
			<string>PBXFileReference</string>
			<key>lastKnownFileType</key>
			<string>sourcecode.c.objc</string>
			<key>path</key>
			<string>RYAddressBookTests.m</string>
			<key>sourceTree</key>
			<string>&lt;group&gt;</string>
		</dict>
		<key>57ABC5D51AE630FE0025C180</key>
		<dict>
			<key>fileRef</key>
			<string>57ABC5D41AE630FE0025C180</string>
			<key>isa</key>
			<string>PBXBuildFile</string>
		</dict>
		<key>57ABC5D61AE630FE0025C180</key>
		<dict>
			<key>buildSettings</key>
			<dict>
				<key>ALWAYS_SEARCH_USER_PATHS</key>
				<string>NO</string>
				<key>CLANG_CXX_LANGUAGE_STANDARD</key>
				<string>gnu++0x</string>
				<key>CLANG_CXX_LIBRARY</key>
				<string>libc++</string>
				<key>CLANG_ENABLE_MODULES</key>
				<string>YES</string>
				<key>CLANG_ENABLE_OBJC_ARC</key>
				<string>YES</string>
				<key>CLANG_WARN_BOOL_CONVERSION</key>
				<string>YES</string>
				<key>CLANG_WARN_CONSTANT_CONVERSION</key>
				<string>YES</string>
				<key>CLANG_WARN_DIRECT_OBJC_ISA_USAGE</key>
				<string>YES_ERROR</string>
				<key>CLANG_WARN_EMPTY_BODY</key>
				<string>YES</string>
				<key>CLANG_WARN_ENUM_CONVERSION</key>
				<string>YES</string>
				<key>CLANG_WARN_INT_CONVERSION</key>
				<string>YES</string>
				<key>CLANG_WARN_OBJC_ROOT_CLASS</key>
				<string>YES_ERROR</string>
				<key>CLANG_WARN_UNREACHABLE_CODE</key>
				<string>YES</string>
				<key>CLANG_WARN__DUPLICATE_METHOD_MATCH</key>
				<string>YES</string>
				<key>CODE_SIGN_IDENTITY[sdk=iphoneos*]</key>
				<string>iPhone Developer</string>
				<key>COPY_PHASE_STRIP</key>
				<string>NO</string>
				<key>DEBUG_INFORMATION_FORMAT</key>
				<string>dwarf-with-dsym</string>
				<key>ENABLE_STRICT_OBJC_MSGSEND</key>
				<string>YES</string>
				<key>GCC_C_LANGUAGE_STANDARD</key>
				<string>gnu99</string>
				<key>GCC_DYNAMIC_NO_PIC</key>
				<string>NO</string>
				<key>GCC_NO_COMMON_BLOCKS</key>
				<string>YES</string>
				<key>GCC_OPTIMIZATION_LEVEL</key>
				<string>0</string>
				<key>GCC_PREPROCESSOR_DEFINITIONS</key>
				<array>
					<string>DEBUG=1</string>
					<string>$(inherited)</string>
				</array>
				<key>GCC_SYMBOLS_PRIVATE_EXTERN</key>
				<string>NO</string>
				<key>GCC_WARN_64_TO_32_BIT_CONVERSION</key>
				<string>YES</string>
				<key>GCC_WARN_ABOUT_RETURN_TYPE</key>
				<string>YES_ERROR</string>
				<key>GCC_WARN_UNDECLARED_SELECTOR</key>
				<string>YES</string>
				<key>GCC_WARN_UNINITIALIZED_AUTOS</key>
				<string>YES_AGGRESSIVE</string>
				<key>GCC_WARN_UNUSED_FUNCTION</key>
				<string>YES</string>
				<key>GCC_WARN_UNUSED_VARIABLE</key>
				<string>YES</string>
				<key>IPHONEOS_DEPLOYMENT_TARGET</key>
				<string>8.3</string>
				<key>MTL_ENABLE_DEBUG_INFO</key>
				<string>YES</string>
				<key>ONLY_ACTIVE_ARCH</key>
				<string>YES</string>
				<key>SDKROOT</key>
				<string>iphoneos</string>
			</dict>
			<key>isa</key>
			<string>XCBuildConfiguration</string>
			<key>name</key>
			<string>Debug</string>
		</dict>
		<key>57ABC5D71AE630FE0025C180</key>
		<dict>
			<key>buildSettings</key>
			<dict>
				<key>ALWAYS_SEARCH_USER_PATHS</key>
				<string>NO</string>
				<key>CLANG_CXX_LANGUAGE_STANDARD</key>
				<string>gnu++0x</string>
				<key>CLANG_CXX_LIBRARY</key>
				<string>libc++</string>
				<key>CLANG_ENABLE_MODULES</key>
				<string>YES</string>
				<key>CLANG_ENABLE_OBJC_ARC</key>
				<string>YES</string>
				<key>CLANG_WARN_BOOL_CONVERSION</key>
				<string>YES</string>
				<key>CLANG_WARN_CONSTANT_CONVERSION</key>
				<string>YES</string>
				<key>CLANG_WARN_DIRECT_OBJC_ISA_USAGE</key>
				<string>YES_ERROR</string>
				<key>CLANG_WARN_EMPTY_BODY</key>
				<string>YES</string>
				<key>CLANG_WARN_ENUM_CONVERSION</key>
				<string>YES</string>
				<key>CLANG_WARN_INT_CONVERSION</key>
				<string>YES</string>
				<key>CLANG_WARN_OBJC_ROOT_CLASS</key>
				<string>YES_ERROR</string>
				<key>CLANG_WARN_UNREACHABLE_CODE</key>
				<string>YES</string>
				<key>CLANG_WARN__DUPLICATE_METHOD_MATCH</key>
				<string>YES</string>
				<key>CODE_SIGN_IDENTITY[sdk=iphoneos*]</key>
				<string>iPhone Developer</string>
				<key>COPY_PHASE_STRIP</key>
				<string>NO</string>
				<key>DEBUG_INFORMATION_FORMAT</key>
				<string>dwarf-with-dsym</string>
				<key>ENABLE_NS_ASSERTIONS</key>
				<string>NO</string>
				<key>ENABLE_STRICT_OBJC_MSGSEND</key>
				<string>YES</string>
				<key>GCC_C_LANGUAGE_STANDARD</key>
				<string>gnu99</string>
				<key>GCC_NO_COMMON_BLOCKS</key>
				<string>YES</string>
				<key>GCC_WARN_64_TO_32_BIT_CONVERSION</key>
				<string>YES</string>
				<key>GCC_WARN_ABOUT_RETURN_TYPE</key>
				<string>YES_ERROR</string>
				<key>GCC_WARN_UNDECLARED_SELECTOR</key>
				<string>YES</string>
				<key>GCC_WARN_UNINITIALIZED_AUTOS</key>
				<string>YES_AGGRESSIVE</string>
				<key>GCC_WARN_UNUSED_FUNCTION</key>
				<string>YES</string>
				<key>GCC_WARN_UNUSED_VARIABLE</key>
				<string>YES</string>
				<key>IPHONEOS_DEPLOYMENT_TARGET</key>
				<string>8.3</string>
				<key>MTL_ENABLE_DEBUG_INFO</key>
				<string>NO</string>
				<key>SDKROOT</key>
				<string>iphoneos</string>
				<key>VALIDATE_PRODUCT</key>
				<string>YES</string>
			</dict>
			<key>isa</key>
			<string>XCBuildConfiguration</string>
			<key>name</key>
			<string>Release</string>
		</dict>
		<key>57ABC5D81AE630FE0025C180</key>
		<dict>
			<key>buildConfigurations</key>
			<array>
				<string>57ABC5D91AE630FE0025C180</string>
				<string>57ABC5DA1AE630FE0025C180</string>
			</array>
			<key>defaultConfigurationIsVisible</key>
			<string>0</string>
			<key>defaultConfigurationName</key>
			<string>Release</string>
			<key>isa</key>
			<string>XCConfigurationList</string>
		</dict>
		<key>57ABC5D91AE630FE0025C180</key>
		<dict>
			<key>buildSettings</key>
			<dict>
				<key>ASSETCATALOG_COMPILER_APPICON_NAME</key>
				<string>AppIcon</string>
				<key>ASSETCATALOG_COMPILER_LAUNCHIMAGE_NAME</key>
				<string>LaunchImage</string>
				<key>CODE_SIGN_IDENTITY</key>
				<string>iPhone Developer: Kun Qian (JMA3R7BDJ5)</string>
				<key>GCC_PREFIX_HEADER</key>
				<string>RYAddressBook/Supporting Files/PrefixHeader.pch</string>
				<key>INFOPLIST_FILE</key>
				<string>RYAddressBook/Supporting Files/Info.plist</string>
				<key>IPHONEOS_DEPLOYMENT_TARGET</key>
				<string>7.0</string>
				<key>LD_RUNPATH_SEARCH_PATHS</key>
				<string>$(inherited) @executable_path/Frameworks</string>
				<key>PRODUCT_NAME</key>
				<string>$(TARGET_NAME)</string>
				<key>PROVISIONING_PROFILE</key>
				<string>14816bfc-6526-4768-a489-bdeb61265ab3</string>
			</dict>
			<key>isa</key>
			<string>XCBuildConfiguration</string>
			<key>name</key>
			<string>Debug</string>
		</dict>
		<key>57ABC5DA1AE630FE0025C180</key>
		<dict>
			<key>buildSettings</key>
			<dict>
				<key>ASSETCATALOG_COMPILER_APPICON_NAME</key>
				<string>AppIcon</string>
				<key>ASSETCATALOG_COMPILER_LAUNCHIMAGE_NAME</key>
				<string>LaunchImage</string>
				<key>CODE_SIGN_IDENTITY</key>
				<string>iPhone Developer: Kun Qian (JMA3R7BDJ5)</string>
				<key>CODE_SIGN_IDENTITY[sdk=iphoneos*]</key>
				<string>iPhone Developer: Kun Qian (JMA3R7BDJ5)</string>
				<key>GCC_PREFIX_HEADER</key>
				<string>RYAddressBook/Supporting Files/PrefixHeader.pch</string>
				<key>INFOPLIST_FILE</key>
				<string>RYAddressBook/Supporting Files/Info.plist</string>
				<key>IPHONEOS_DEPLOYMENT_TARGET</key>
				<string>7.0</string>
				<key>LD_RUNPATH_SEARCH_PATHS</key>
				<string>$(inherited) @executable_path/Frameworks</string>
				<key>PRODUCT_NAME</key>
				<string>$(TARGET_NAME)</string>
				<key>PROVISIONING_PROFILE</key>
				<string>14816bfc-6526-4768-a489-bdeb61265ab3</string>
			</dict>
			<key>isa</key>
			<string>XCBuildConfiguration</string>
			<key>name</key>
			<string>Release</string>
		</dict>
		<key>57ABC5DB1AE630FE0025C180</key>
		<dict>
			<key>buildConfigurations</key>
			<array>
				<string>57ABC5DC1AE630FE0025C180</string>
				<string>57ABC5DD1AE630FE0025C180</string>
			</array>
			<key>defaultConfigurationIsVisible</key>
			<string>0</string>
			<key>defaultConfigurationName</key>
			<string>Release</string>
			<key>isa</key>
			<string>XCConfigurationList</string>
		</dict>
		<key>57ABC5DC1AE630FE0025C180</key>
		<dict>
			<key>buildSettings</key>
			<dict>
				<key>BUNDLE_LOADER</key>
				<string>$(TEST_HOST)</string>
				<key>FRAMEWORK_SEARCH_PATHS</key>
				<array>
					<string>$(SDKROOT)/Developer/Library/Frameworks</string>
					<string>$(inherited)</string>
				</array>
				<key>GCC_PREPROCESSOR_DEFINITIONS</key>
				<array>
					<string>DEBUG=1</string>
					<string>$(inherited)</string>
				</array>
				<key>INFOPLIST_FILE</key>
				<string>RYAddressBookTests/Supporting Files/Info.plist</string>
				<key>LD_RUNPATH_SEARCH_PATHS</key>
				<string>$(inherited) @executable_path/Frameworks @loader_path/Frameworks</string>
				<key>PRODUCT_NAME</key>
				<string>$(TARGET_NAME)</string>
				<key>TEST_HOST</key>
				<string>$(BUILT_PRODUCTS_DIR)/RYAddressBook.app/RYAddressBook</string>
			</dict>
			<key>isa</key>
			<string>XCBuildConfiguration</string>
			<key>name</key>
			<string>Debug</string>
		</dict>
		<key>57ABC5DD1AE630FE0025C180</key>
		<dict>
			<key>buildSettings</key>
			<dict>
				<key>BUNDLE_LOADER</key>
				<string>$(TEST_HOST)</string>
				<key>FRAMEWORK_SEARCH_PATHS</key>
				<array>
					<string>$(SDKROOT)/Developer/Library/Frameworks</string>
					<string>$(inherited)</string>
				</array>
				<key>INFOPLIST_FILE</key>
				<string>RYAddressBookTests/Supporting Files/Info.plist</string>
				<key>LD_RUNPATH_SEARCH_PATHS</key>
				<string>$(inherited) @executable_path/Frameworks @loader_path/Frameworks</string>
				<key>PRODUCT_NAME</key>
				<string>$(TARGET_NAME)</string>
				<key>TEST_HOST</key>
				<string>$(BUILT_PRODUCTS_DIR)/RYAddressBook.app/RYAddressBook</string>
			</dict>
			<key>isa</key>
			<string>XCBuildConfiguration</string>
			<key>name</key>
			<string>Release</string>
		</dict>
		<key>57ABC5DE1AE633EE0025C180</key>
		<dict>
			<key>isa</key>
			<string>PBXFileReference</string>
			<key>lastKnownFileType</key>
			<string>sourcecode.c.h</string>
			<key>path</key>
			<string>PrefixHeader.pch</string>
			<key>sourceTree</key>
			<string>&lt;group&gt;</string>
		</dict>
		<key>57ABC5DF1AE635E20025C180</key>
		<dict>
			<key>children</key>
			<array>
				<string>57ABC5E11AE6364E0025C180</string>
				<string>57ABC5E21AE6364E0025C180</string>
				<string>57ABC5E41AE63CBA0025C180</string>
				<string>57ABC5E51AE63CBA0025C180</string>
				<string>57ABC6221AE64E0F0025C180</string>
				<string>57ABC6231AE64E0F0025C180</string>
			</array>
			<key>isa</key>
			<string>PBXGroup</string>
			<key>name</key>
			<string>RYAddressBookModel</string>
			<key>path</key>
			<string>RYAddressBookModel</string>
			<key>sourceTree</key>
			<string>&lt;group&gt;</string>
		</dict>
		<key>57ABC5E01AE636230025C180</key>
		<dict>
			<key>children</key>
			<array>
				<string>57ABC5BF1AE630FE0025C180</string>
				<string>57ABC5C01AE630FE0025C180</string>
			</array>
			<key>isa</key>
			<string>PBXGroup</string>
			<key>name</key>
			<string>ViewController</string>
			<key>path</key>
			<string>ViewController</string>
			<key>sourceTree</key>
			<string>&lt;group&gt;</string>
		</dict>
		<key>57ABC5E11AE6364E0025C180</key>
		<dict>
			<key>fileEncoding</key>
			<string>4</string>
			<key>isa</key>
			<string>PBXFileReference</string>
			<key>lastKnownFileType</key>
			<string>sourcecode.c.h</string>
			<key>path</key>
			<string>RYPersonInfo.h</string>
			<key>sourceTree</key>
			<string>&lt;group&gt;</string>
		</dict>
		<key>57ABC5E21AE6364E0025C180</key>
		<dict>
			<key>fileEncoding</key>
			<string>4</string>
			<key>isa</key>
			<string>PBXFileReference</string>
			<key>lastKnownFileType</key>
			<string>sourcecode.c.objc</string>
			<key>path</key>
			<string>RYPersonInfo.m</string>
			<key>sourceTree</key>
			<string>&lt;group&gt;</string>
		</dict>
		<key>57ABC5E31AE6364E0025C180</key>
		<dict>
			<key>fileRef</key>
			<string>57ABC5E21AE6364E0025C180</string>
			<key>isa</key>
			<string>PBXBuildFile</string>
		</dict>
		<key>57ABC5E41AE63CBA0025C180</key>
		<dict>
			<key>fileEncoding</key>
			<string>4</string>
			<key>isa</key>
			<string>PBXFileReference</string>
			<key>lastKnownFileType</key>
			<string>sourcecode.c.h</string>
			<key>path</key>
			<string>RYAddressBook.h</string>
			<key>sourceTree</key>
			<string>&lt;group&gt;</string>
		</dict>
		<key>57ABC5E51AE63CBA0025C180</key>
		<dict>
			<key>fileEncoding</key>
			<string>4</string>
			<key>isa</key>
			<string>PBXFileReference</string>
			<key>lastKnownFileType</key>
			<string>sourcecode.c.objc</string>
			<key>path</key>
			<string>RYAddressBook.m</string>
			<key>sourceTree</key>
			<string>&lt;group&gt;</string>
		</dict>
		<key>57ABC5E61AE63CBA0025C180</key>
		<dict>
			<key>fileRef</key>
			<string>57ABC5E51AE63CBA0025C180</string>
			<key>isa</key>
			<string>PBXBuildFile</string>
		</dict>
		<key>57ABC5E71AE641E70025C180</key>
		<dict>
			<key>children</key>
			<array>
				<string>57ABC5E81AE641E70025C180</string>
				<string>57ABC5E91AE641E70025C180</string>
				<string>57ABC5EA1AE641E70025C180</string>
				<string>57ABC5EB1AE641E70025C180</string>
				<string>57ABC5EC1AE641E70025C180</string>
				<string>57ABC5ED1AE641E70025C180</string>
				<string>57ABC5EE1AE641E70025C180</string>
				<string>57ABC5EF1AE641E70025C180</string>
				<string>57ABC5F01AE641E70025C180</string>
				<string>57ABC5F11AE641E70025C180</string>
				<string>57ABC5F21AE641E70025C180</string>
				<string>57ABC5F31AE641E70025C180</string>
				<string>57ABC5F41AE641E70025C180</string>
				<string>57ABC5F51AE641E70025C180</string>
				<string>57ABC5F61AE641E70025C180</string>
				<string>57ABC5F71AE641E70025C180</string>
				<string>57ABC5F81AE641E70025C180</string>
				<string>57ABC5F91AE641E70025C180</string>
				<string>57ABC5FA1AE641E70025C180</string>
				<string>57ABC5FB1AE641E70025C180</string>
				<string>57ABC5FC1AE641E70025C180</string>
				<string>57ABC5FD1AE641E70025C180</string>
				<string>57ABC5FE1AE641E70025C180</string>
				<string>57ABC5FF1AE641E70025C180</string>
			</array>
			<key>isa</key>
			<string>PBXGroup</string>
			<key>path</key>
			<string>Masonry</string>
			<key>sourceTree</key>
			<string>&lt;group&gt;</string>
		</dict>
		<key>57ABC5E81AE641E70025C180</key>
		<dict>
			<key>fileEncoding</key>
			<string>4</string>
			<key>isa</key>
			<string>PBXFileReference</string>
			<key>lastKnownFileType</key>
			<string>text.plist.xml</string>
			<key>path</key>
			<string>Info.plist</string>
			<key>sourceTree</key>
			<string>&lt;group&gt;</string>
		</dict>
		<key>57ABC5E91AE641E70025C180</key>
		<dict>
			<key>fileEncoding</key>
			<string>4</string>
			<key>isa</key>
			<string>PBXFileReference</string>
			<key>lastKnownFileType</key>
			<string>sourcecode.c.h</string>
			<key>path</key>
			<string>MASCompositeConstraint.h</string>
			<key>sourceTree</key>
			<string>&lt;group&gt;</string>
		</dict>
		<key>57ABC5EA1AE641E70025C180</key>
		<dict>
			<key>fileEncoding</key>
			<string>4</string>
			<key>isa</key>
			<string>PBXFileReference</string>
			<key>lastKnownFileType</key>
			<string>sourcecode.c.objc</string>
			<key>path</key>
			<string>MASCompositeConstraint.m</string>
			<key>sourceTree</key>
			<string>&lt;group&gt;</string>
		</dict>
		<key>57ABC5EB1AE641E70025C180</key>
		<dict>
			<key>fileEncoding</key>
			<string>4</string>
			<key>isa</key>
			<string>PBXFileReference</string>
			<key>lastKnownFileType</key>
			<string>sourcecode.c.h</string>
			<key>path</key>
			<string>MASConstraint+Private.h</string>
			<key>sourceTree</key>
			<string>&lt;group&gt;</string>
		</dict>
		<key>57ABC5EC1AE641E70025C180</key>
		<dict>
			<key>fileEncoding</key>
			<string>4</string>
			<key>isa</key>
			<string>PBXFileReference</string>
			<key>lastKnownFileType</key>
			<string>sourcecode.c.h</string>
			<key>path</key>
			<string>MASConstraint.h</string>
			<key>sourceTree</key>
			<string>&lt;group&gt;</string>
		</dict>
		<key>57ABC5ED1AE641E70025C180</key>
		<dict>
			<key>fileEncoding</key>
			<string>4</string>
			<key>isa</key>
			<string>PBXFileReference</string>
			<key>lastKnownFileType</key>
			<string>sourcecode.c.objc</string>
			<key>path</key>
			<string>MASConstraint.m</string>
			<key>sourceTree</key>
			<string>&lt;group&gt;</string>
		</dict>
		<key>57ABC5EE1AE641E70025C180</key>
		<dict>
			<key>fileEncoding</key>
			<string>4</string>
			<key>isa</key>
			<string>PBXFileReference</string>
			<key>lastKnownFileType</key>
			<string>sourcecode.c.h</string>
			<key>path</key>
			<string>MASConstraintMaker.h</string>
			<key>sourceTree</key>
			<string>&lt;group&gt;</string>
		</dict>
		<key>57ABC5EF1AE641E70025C180</key>
		<dict>
			<key>fileEncoding</key>
			<string>4</string>
			<key>isa</key>
			<string>PBXFileReference</string>
			<key>lastKnownFileType</key>
			<string>sourcecode.c.objc</string>
			<key>path</key>
			<string>MASConstraintMaker.m</string>
			<key>sourceTree</key>
			<string>&lt;group&gt;</string>
		</dict>
		<key>57ABC5F01AE641E70025C180</key>
		<dict>
			<key>fileEncoding</key>
			<string>4</string>
			<key>isa</key>
			<string>PBXFileReference</string>
			<key>lastKnownFileType</key>
			<string>sourcecode.c.h</string>
			<key>path</key>
			<string>MASLayoutConstraint.h</string>
			<key>sourceTree</key>
			<string>&lt;group&gt;</string>
		</dict>
		<key>57ABC5F11AE641E70025C180</key>
		<dict>
			<key>fileEncoding</key>
			<string>4</string>
			<key>isa</key>
			<string>PBXFileReference</string>
			<key>lastKnownFileType</key>
			<string>sourcecode.c.objc</string>
			<key>path</key>
			<string>MASLayoutConstraint.m</string>
			<key>sourceTree</key>
			<string>&lt;group&gt;</string>
		</dict>
		<key>57ABC5F21AE641E70025C180</key>
		<dict>
			<key>fileEncoding</key>
			<string>4</string>
			<key>isa</key>
			<string>PBXFileReference</string>
			<key>lastKnownFileType</key>
			<string>sourcecode.c.h</string>
			<key>path</key>
			<string>Masonry.h</string>
			<key>sourceTree</key>
			<string>&lt;group&gt;</string>
		</dict>
		<key>57ABC5F31AE641E70025C180</key>
		<dict>
			<key>fileEncoding</key>
			<string>4</string>
			<key>isa</key>
			<string>PBXFileReference</string>
			<key>lastKnownFileType</key>
			<string>sourcecode.c.h</string>
			<key>path</key>
			<string>MASUtilities.h</string>
			<key>sourceTree</key>
			<string>&lt;group&gt;</string>
		</dict>
		<key>57ABC5F41AE641E70025C180</key>
		<dict>
			<key>fileEncoding</key>
			<string>4</string>
			<key>isa</key>
			<string>PBXFileReference</string>
			<key>lastKnownFileType</key>
			<string>sourcecode.c.h</string>
			<key>path</key>
			<string>MASViewAttribute.h</string>
			<key>sourceTree</key>
			<string>&lt;group&gt;</string>
		</dict>
		<key>57ABC5F51AE641E70025C180</key>
		<dict>
			<key>fileEncoding</key>
			<string>4</string>
			<key>isa</key>
			<string>PBXFileReference</string>
			<key>lastKnownFileType</key>
			<string>sourcecode.c.objc</string>
			<key>path</key>
			<string>MASViewAttribute.m</string>
			<key>sourceTree</key>
			<string>&lt;group&gt;</string>
		</dict>
		<key>57ABC5F61AE641E70025C180</key>
		<dict>
			<key>fileEncoding</key>
			<string>4</string>
			<key>isa</key>
			<string>PBXFileReference</string>
			<key>lastKnownFileType</key>
			<string>sourcecode.c.h</string>
			<key>path</key>
			<string>MASViewConstraint.h</string>
			<key>sourceTree</key>
			<string>&lt;group&gt;</string>
		</dict>
		<key>57ABC5F71AE641E70025C180</key>
		<dict>
			<key>fileEncoding</key>
			<string>4</string>
			<key>isa</key>
			<string>PBXFileReference</string>
			<key>lastKnownFileType</key>
			<string>sourcecode.c.objc</string>
			<key>path</key>
			<string>MASViewConstraint.m</string>
			<key>sourceTree</key>
			<string>&lt;group&gt;</string>
		</dict>
		<key>57ABC5F81AE641E70025C180</key>
		<dict>
			<key>fileEncoding</key>
			<string>4</string>
			<key>isa</key>
			<string>PBXFileReference</string>
			<key>lastKnownFileType</key>
			<string>sourcecode.c.h</string>
			<key>path</key>
			<string>NSArray+MASAdditions.h</string>
			<key>sourceTree</key>
			<string>&lt;group&gt;</string>
		</dict>
		<key>57ABC5F91AE641E70025C180</key>
		<dict>
			<key>fileEncoding</key>
			<string>4</string>
			<key>isa</key>
			<string>PBXFileReference</string>
			<key>lastKnownFileType</key>
			<string>sourcecode.c.objc</string>
			<key>path</key>
			<string>NSArray+MASAdditions.m</string>
			<key>sourceTree</key>
			<string>&lt;group&gt;</string>
		</dict>
		<key>57ABC5FA1AE641E70025C180</key>
		<dict>
			<key>fileEncoding</key>
			<string>4</string>
			<key>isa</key>
			<string>PBXFileReference</string>
			<key>lastKnownFileType</key>
			<string>sourcecode.c.h</string>
			<key>path</key>
			<string>NSArray+MASShorthandAdditions.h</string>
			<key>sourceTree</key>
			<string>&lt;group&gt;</string>
		</dict>
		<key>57ABC5FB1AE641E70025C180</key>
		<dict>
			<key>fileEncoding</key>
			<string>4</string>
			<key>isa</key>
			<string>PBXFileReference</string>
			<key>lastKnownFileType</key>
			<string>sourcecode.c.h</string>
			<key>path</key>
			<string>NSLayoutConstraint+MASDebugAdditions.h</string>
			<key>sourceTree</key>
			<string>&lt;group&gt;</string>
		</dict>
		<key>57ABC5FC1AE641E70025C180</key>
		<dict>
			<key>fileEncoding</key>
			<string>4</string>
			<key>isa</key>
			<string>PBXFileReference</string>
			<key>lastKnownFileType</key>
			<string>sourcecode.c.objc</string>
			<key>path</key>
			<string>NSLayoutConstraint+MASDebugAdditions.m</string>
			<key>sourceTree</key>
			<string>&lt;group&gt;</string>
		</dict>
		<key>57ABC5FD1AE641E70025C180</key>
		<dict>
			<key>fileEncoding</key>
			<string>4</string>
			<key>isa</key>
			<string>PBXFileReference</string>
			<key>lastKnownFileType</key>
			<string>sourcecode.c.h</string>
			<key>path</key>
			<string>View+MASAdditions.h</string>
			<key>sourceTree</key>
			<string>&lt;group&gt;</string>
		</dict>
		<key>57ABC5FE1AE641E70025C180</key>
		<dict>
			<key>fileEncoding</key>
			<string>4</string>
			<key>isa</key>
			<string>PBXFileReference</string>
			<key>lastKnownFileType</key>
			<string>sourcecode.c.objc</string>
			<key>path</key>
			<string>View+MASAdditions.m</string>
			<key>sourceTree</key>
			<string>&lt;group&gt;</string>
		</dict>
		<key>57ABC5FF1AE641E70025C180</key>
		<dict>
			<key>fileEncoding</key>
			<string>4</string>
			<key>isa</key>
			<string>PBXFileReference</string>
			<key>lastKnownFileType</key>
			<string>sourcecode.c.h</string>
			<key>path</key>
			<string>View+MASShorthandAdditions.h</string>
			<key>sourceTree</key>
			<string>&lt;group&gt;</string>
		</dict>
		<key>57ABC6001AE641E70025C180</key>
		<dict>
			<key>fileRef</key>
			<string>57ABC5E81AE641E70025C180</string>
			<key>isa</key>
			<string>PBXBuildFile</string>
		</dict>
		<key>57ABC6011AE641E70025C180</key>
		<dict>
			<key>fileRef</key>
			<string>57ABC5EA1AE641E70025C180</string>
			<key>isa</key>
			<string>PBXBuildFile</string>
		</dict>
		<key>57ABC6021AE641E70025C180</key>
		<dict>
			<key>fileRef</key>
			<string>57ABC5ED1AE641E70025C180</string>
			<key>isa</key>
			<string>PBXBuildFile</string>
		</dict>
		<key>57ABC6031AE641E70025C180</key>
		<dict>
			<key>fileRef</key>
			<string>57ABC5EF1AE641E70025C180</string>
			<key>isa</key>
			<string>PBXBuildFile</string>
		</dict>
		<key>57ABC6041AE641E70025C180</key>
		<dict>
			<key>fileRef</key>
			<string>57ABC5F11AE641E70025C180</string>
			<key>isa</key>
			<string>PBXBuildFile</string>
		</dict>
		<key>57ABC6051AE641E70025C180</key>
		<dict>
			<key>fileRef</key>
			<string>57ABC5F51AE641E70025C180</string>
			<key>isa</key>
			<string>PBXBuildFile</string>
		</dict>
		<key>57ABC6061AE641E70025C180</key>
		<dict>
			<key>fileRef</key>
			<string>57ABC5F71AE641E70025C180</string>
			<key>isa</key>
			<string>PBXBuildFile</string>
		</dict>
		<key>57ABC6071AE641E70025C180</key>
		<dict>
			<key>fileRef</key>
			<string>57ABC5F91AE641E70025C180</string>
			<key>isa</key>
			<string>PBXBuildFile</string>
		</dict>
		<key>57ABC6081AE641E70025C180</key>
		<dict>
			<key>fileRef</key>
			<string>57ABC5FC1AE641E70025C180</string>
			<key>isa</key>
			<string>PBXBuildFile</string>
		</dict>
		<key>57ABC6091AE641E70025C180</key>
		<dict>
			<key>fileRef</key>
			<string>57ABC5FE1AE641E70025C180</string>
			<key>isa</key>
			<string>PBXBuildFile</string>
		</dict>
		<key>57ABC60A1AE6432E0025C180</key>
		<dict>
			<key>children</key>
			<array>
				<string>57733B9E1AE7AE2000FD71E3</string>
				<string>57733B9F1AE7AE2000FD71E3</string>
				<string>57733BA01AE7AE2000FD71E3</string>
				<string>57733BA11AE7AE2000FD71E3</string>
				<string>57733BA21AE7AE2000FD71E3</string>
				<string>57733BA31AE7AE2000FD71E3</string>
			</array>
			<key>isa</key>
			<string>PBXGroup</string>
			<key>name</key>
			<string>THContactPickerView</string>
			<key>path</key>
			<string>THContactPickerView</string>
			<key>sourceTree</key>
			<string>&lt;group&gt;</string>
		</dict>
		<key>57ABC6191AE645340025C180</key>
		<dict>
			<key>children</key>
			<array>
				<string>57ABC5DF1AE635E20025C180</string>
			</array>
			<key>isa</key>
			<string>PBXGroup</string>
			<key>name</key>
			<string>Model</string>
			<key>path</key>
			<string>Model</string>
			<key>sourceTree</key>
			<string>&lt;group&gt;</string>
		</dict>
		<key>57ABC61A1AE645410025C180</key>
		<dict>
			<key>children</key>
			<array>
				<string>57ABC60A1AE6432E0025C180</string>
				<string>57ABC5E71AE641E70025C180</string>
			</array>
			<key>isa</key>
			<string>PBXGroup</string>
			<key>name</key>
			<string>Vendor</string>
			<key>path</key>
			<string>Vendor</string>
			<key>sourceTree</key>
			<string>&lt;group&gt;</string>
		</dict>
		<key>57ABC61B1AE645B20025C180</key>
		<dict>
			<key>children</key>
			<array>
				<string>57ABC61F1AE6484F0025C180</string>
				<string>57ABC6201AE6484F0025C180</string>
			</array>
			<key>isa</key>
			<string>PBXGroup</string>
			<key>name</key>
			<string>View</string>
			<key>path</key>
			<string>View</string>
			<key>sourceTree</key>
			<string>&lt;group&gt;</string>
		</dict>
		<key>57ABC61F1AE6484F0025C180</key>
		<dict>
			<key>fileEncoding</key>
			<string>4</string>
			<key>isa</key>
			<string>PBXFileReference</string>
			<key>lastKnownFileType</key>
			<string>sourcecode.c.h</string>
			<key>path</key>
			<string>RYTableViewCell.h</string>
			<key>sourceTree</key>
			<string>&lt;group&gt;</string>
		</dict>
		<key>57ABC6201AE6484F0025C180</key>
		<dict>
			<key>fileEncoding</key>
			<string>4</string>
			<key>isa</key>
			<string>PBXFileReference</string>
			<key>lastKnownFileType</key>
			<string>sourcecode.c.objc</string>
			<key>path</key>
			<string>RYTableViewCell.m</string>
			<key>sourceTree</key>
			<string>&lt;group&gt;</string>
		</dict>
		<key>57ABC6211AE6484F0025C180</key>
		<dict>
			<key>fileRef</key>
			<string>57ABC6201AE6484F0025C180</string>
			<key>isa</key>
			<string>PBXBuildFile</string>
		</dict>
		<key>57ABC6221AE64E0F0025C180</key>
		<dict>
			<key>fileEncoding</key>
			<string>4</string>
			<key>isa</key>
			<string>PBXFileReference</string>
			<key>lastKnownFileType</key>
			<string>sourcecode.c.h</string>
			<key>path</key>
			<string>RYAddressBookModel.h</string>
			<key>sourceTree</key>
			<string>&lt;group&gt;</string>
		</dict>
		<key>57ABC6231AE64E0F0025C180</key>
		<dict>
			<key>fileEncoding</key>
			<string>4</string>
			<key>isa</key>
			<string>PBXFileReference</string>
			<key>lastKnownFileType</key>
			<string>sourcecode.c.objc</string>
			<key>path</key>
			<string>RYAddressBookModel.m</string>
			<key>sourceTree</key>
			<string>&lt;group&gt;</string>
		</dict>
		<key>57ABC6241AE64E0F0025C180</key>
		<dict>
			<key>fileRef</key>
			<string>57ABC6231AE64E0F0025C180</string>
			<key>isa</key>
			<string>PBXBuildFile</string>
		</dict>
	</dict>
	<key>rootObject</key>
	<string>57ABC5AD1AE630FE0025C180</string>
</dict>
</plist>
